
Microsoft Visual Studio Solution File, Format Version 12.00
# Visual Studio Version 16
VisualStudioVersion = 16.0.30611.23
MinimumVisualStudioVersion = 10.0.40219.1
Project("{FAE04EC0-301F-11D3-BF4B-00C04F79EFBC}") = "QLSV", "QLSV.csproj", "{931E5B4F-FC99-4639-9014-515CC754E51D}"
EndProject
Global
	GlobalSection(SolutionConfigurationPlatforms) = preSolution
		Debug|Any CPU = Debug|Any CPU
		Release|Any CPU = Release|Any CPU
	EndGlobalSection
	GlobalSection(ProjectConfigurationPlatforms) = postSolution
		{931E5B4F-FC99-4639-9014-515CC754E51D}.Debug|Any CPU.ActiveCfg = Debug|Any CPU
		{931E5B4F-FC99-4639-9014-515CC754E51D}.Debug|Any CPU.Build.0 = Debug|Any CPU
		{931E5B4F-FC99-4639-9014-515CC754E51D}.Release|Any CPU.ActiveCfg = Release|Any CPU
		{931E5B4F-FC99-4639-9014-515CC754E51D}.Release|Any CPU.Build.0 = Release|Any CPU
	EndGlobalSection
	GlobalSection(SolutionProperties) = preSolution
		HideSolutionNode = FALSE
	EndGlobalSection
	GlobalSection(ExtensibilityGlobals) = postSolution
		SolutionGuid = {4C7AD1AF-4A86-4A92-966F-E2A19F0C4789}
	EndGlobalSection
EndGlobal
